
Microsoft Visual Studio Solution File, Format Version 12.00
# Visual Studio Version 17
VisualStudioVersion = 17.13.35919.96 d17.13
MinimumVisualStudioVersion = 10.0.40219.1
Project("{FAE04EC0-301F-11D3-BF4B-00C04F79EFBC}") = "TablePrinter", "TablePrinter\TablePrinter.csproj", "{E5F92F30-7C9A-13B2-3BD4-A86877F030E2}"
EndProject
Global
	GlobalSection(SolutionConfigurationPlatforms) = preSolution
		Debug|Any CPU = Debug|Any CPU
		Release|Any CPU = Release|Any CPU
	EndGlobalSection
	GlobalSection(ProjectConfigurationPlatforms) = postSolution
		{E5F92F30-7C9A-13B2-3BD4-A86877F030E2}.Debug|Any CPU.ActiveCfg = Debug|Any CPU
		{E5F92F30-7C9A-13B2-3BD4-A86877F030E2}.Debug|Any CPU.Build.0 = Debug|Any CPU
		{E5F92F30-7C9A-13B2-3BD4-A86877F030E2}.Release|Any CPU.ActiveCfg = Release|Any CPU
		{E5F92F30-7C9A-13B2-3BD4-A86877F030E2}.Release|Any CPU.Build.0 = Release|Any CPU
	EndGlobalSection
	GlobalSection(SolutionProperties) = preSolution
		HideSolutionNode = FALSE
	EndGlobalSection
	GlobalSection(ExtensibilityGlobals) = postSolution
		SolutionGuid = {C45A9BB8-1840-4820-9CDB-82BBFF74DEA9}
	EndGlobalSection
EndGlobal
